Microsoft Visual Studio Solution File, Format Version 11.00
# Visual Studio 2008

Project("{351CE2F7-B53F-7157-5CC3-4B2045B39017}") = "BLooDBuRNiNG Project 16", "Assembly-CSharp.csproj", "{D077178D-71FE-AAA5-679A-A5113BE903CE}"
EndProject
Project("{351CE2F7-B53F-7157-5CC3-4B2045B39017}") = "BLooDBuRNiNG Project 16", "Assembly-UnityScript.unityproj", "{57841053-EB71-7EDC-697C-78EDAD56E1AF}"
EndProject
Global
	GlobalSection(SolutionConfigurationPlatforms) = preSolution
		Debug|Any CPU = Debug|Any CPU
		Release|Any CPU = Release|Any CPU
	EndGlobalSection
	GlobalSection(ProjectConfigurationPlatforms) = postSolution
		{D077178D-71FE-AAA5-679A-A5113BE903CE}.Debug|Any CPU.ActiveCfg = Debug|Any CPU
		{D077178D-71FE-AAA5-679A-A5113BE903CE}.Debug|Any CPU.Build.0 = Debug|Any CPU
		{D077178D-71FE-AAA5-679A-A5113BE903CE}.Release|Any CPU.ActiveCfg = Release|Any CPU
		{D077178D-71FE-AAA5-679A-A5113BE903CE}.Release|Any CPU.Build.0 = Release|Any CPU
		{57841053-EB71-7EDC-697C-78EDAD56E1AF}.Debug|Any CPU.ActiveCfg = Debug|Any CPU
		{57841053-EB71-7EDC-697C-78EDAD56E1AF}.Debug|Any CPU.Build.0 = Debug|Any CPU
		{57841053-EB71-7EDC-697C-78EDAD56E1AF}.Release|Any CPU.ActiveCfg = Release|Any CPU
		{57841053-EB71-7EDC-697C-78EDAD56E1AF}.Release|Any CPU.Build.0 = Release|Any CPU
	EndGlobalSection
	GlobalSection(SolutionProperties) = preSolution
		HideSolutionNode = FALSE
	EndGlobalSection
		GlobalSection(MonoDevelopProperties) = preSolution
		StartupItem = Assembly-CSharp.csproj
		Policies = $0
		$0.TextStylePolicy = $1
		$1.inheritsSet = null
		$1.scope = text/x-csharp
		$0.CSharpFormattingPolicy = $2
		$2.inheritsSet = Mono
		$2.inheritsScope = text/x-csharp
		$2.scope = text/x-csharp
		$0.TextStylePolicy = $3
		$3.FileWidth = 120
		$3.TabWidth = 4
		$3.EolMarker = Unix
		$3.inheritsSet = Mono
		$3.inheritsScope = text/plain
		$3.scope = text/plain
	EndGlobalSection

EndGlobal
