Microsoft Visual Studio Solution File, Format Version 11.00
# Visual Studio 2008

Project("{FF57C4B7-2FEE-9C91-AA41-EC5B4E78D683}") = "BLooDBuRNiNG Project 27 Octobre multi scrolling sur les enemies 4", "Assembly-CSharp.csproj", "{5D516F66-8360-6E30-42B6-403DAADC08A8}"
EndProject
Project("{FF57C4B7-2FEE-9C91-AA41-EC5B4E78D683}") = "BLooDBuRNiNG Project 27 Octobre multi scrolling sur les enemies 4", "Assembly-UnityScript.unityproj", "{C57CA834-B8E8-731D-FE08-24C9170F0F41}"
EndProject
Global
	GlobalSection(SolutionConfigurationPlatforms) = preSolution
		Debug|Any CPU = Debug|Any CPU
		Release|Any CPU = Release|Any CPU
	EndGlobalSection
	GlobalSection(ProjectConfigurationPlatforms) = postSolution
		{5D516F66-8360-6E30-42B6-403DAADC08A8}.Debug|Any CPU.ActiveCfg = Debug|Any CPU
		{5D516F66-8360-6E30-42B6-403DAADC08A8}.Debug|Any CPU.Build.0 = Debug|Any CPU
		{5D516F66-8360-6E30-42B6-403DAADC08A8}.Release|Any CPU.ActiveCfg = Release|Any CPU
		{5D516F66-8360-6E30-42B6-403DAADC08A8}.Release|Any CPU.Build.0 = Release|Any CPU
		{C57CA834-B8E8-731D-FE08-24C9170F0F41}.Debug|Any CPU.ActiveCfg = Debug|Any CPU
		{C57CA834-B8E8-731D-FE08-24C9170F0F41}.Debug|Any CPU.Build.0 = Debug|Any CPU
		{C57CA834-B8E8-731D-FE08-24C9170F0F41}.Release|Any CPU.ActiveCfg = Release|Any CPU
		{C57CA834-B8E8-731D-FE08-24C9170F0F41}.Release|Any CPU.Build.0 = Release|Any CPU
	EndGlobalSection
	GlobalSection(SolutionProperties) = preSolution
		HideSolutionNode = FALSE
	EndGlobalSection
										GlobalSection(MonoDevelopProperties) = preSolution
		StartupItem = Assembly-CSharp.csproj
		Policies = $0
		$0.TextStylePolicy = $1
		$1.inheritsSet = null
		$1.scope = text/x-csharp
		$0.CSharpFormattingPolicy = $2
		$2.inheritsSet = Mono
		$2.inheritsScope = text/x-csharp
		$2.scope = text/x-csharp
		$0.TextStylePolicy = $3
		$3.FileWidth = 120
		$3.TabWidth = 4
		$3.EolMarker = Unix
		$3.inheritsSet = Mono
		$3.inheritsScope = text/plain
		$3.scope = text/plain
	EndGlobalSection

EndGlobal
