Microsoft Visual Studio Solution File, Format Version 11.00
# Visual Studio 2008

Project("{5ABD15A3-499B-A8F9-1F1E-F6F432592F56}") = "BLooDBuRNiNG Project 2 Novembre os de squelete 2", "Assembly-CSharp.csproj", "{8A5C3EAB-BFCF-7F8D-198A-5A69EC38B2ED}"
EndProject
Project("{5ABD15A3-499B-A8F9-1F1E-F6F432592F56}") = "BLooDBuRNiNG Project 2 Novembre os de squelete 2", "Assembly-UnityScript.unityproj", "{BAF23C0F-59AD-D4CE-969D-0ADC703FE250}"
EndProject
Global
	GlobalSection(SolutionConfigurationPlatforms) = preSolution
		Debug|Any CPU = Debug|Any CPU
		Release|Any CPU = Release|Any CPU
	EndGlobalSection
	GlobalSection(ProjectConfigurationPlatforms) = postSolution
		{8A5C3EAB-BFCF-7F8D-198A-5A69EC38B2ED}.Debug|Any CPU.ActiveCfg = Debug|Any CPU
		{8A5C3EAB-BFCF-7F8D-198A-5A69EC38B2ED}.Debug|Any CPU.Build.0 = Debug|Any CPU
		{8A5C3EAB-BFCF-7F8D-198A-5A69EC38B2ED}.Release|Any CPU.ActiveCfg = Release|Any CPU
		{8A5C3EAB-BFCF-7F8D-198A-5A69EC38B2ED}.Release|Any CPU.Build.0 = Release|Any CPU
		{BAF23C0F-59AD-D4CE-969D-0ADC703FE250}.Debug|Any CPU.ActiveCfg = Debug|Any CPU
		{BAF23C0F-59AD-D4CE-969D-0ADC703FE250}.Debug|Any CPU.Build.0 = Debug|Any CPU
		{BAF23C0F-59AD-D4CE-969D-0ADC703FE250}.Release|Any CPU.ActiveCfg = Release|Any CPU
		{BAF23C0F-59AD-D4CE-969D-0ADC703FE250}.Release|Any CPU.Build.0 = Release|Any CPU
	EndGlobalSection
	GlobalSection(SolutionProperties) = preSolution
		HideSolutionNode = FALSE
	EndGlobalSection
							GlobalSection(MonoDevelopProperties) = preSolution
		StartupItem = Assembly-CSharp.csproj
		Policies = $0
		$0.TextStylePolicy = $1
		$1.inheritsSet = null
		$1.scope = text/x-csharp
		$0.CSharpFormattingPolicy = $2
		$2.inheritsSet = Mono
		$2.inheritsScope = text/x-csharp
		$2.scope = text/x-csharp
		$0.TextStylePolicy = $3
		$3.FileWidth = 120
		$3.TabWidth = 4
		$3.EolMarker = Unix
		$3.inheritsSet = Mono
		$3.inheritsScope = text/plain
		$3.scope = text/plain
	EndGlobalSection

EndGlobal
