Microsoft Visual Studio Solution File, Format Version 11.00
# Visual Studio 2008

Project("{BEEE391E-049D-9537-5F1B-BF2472E2FF57}") = "BLooDBuRNiNG Project 27 Octobre multi scrolling", "Assembly-CSharp.csproj", "{4C4F3D61-308A-8407-2BE8-58CC4D59BC02}"
EndProject
Project("{BEEE391E-049D-9537-5F1B-BF2472E2FF57}") = "BLooDBuRNiNG Project 27 Octobre multi scrolling", "Assembly-UnityScript.unityproj", "{42735B69-F478-978E-3E8E-FD374AB75EA3}"
EndProject
Global
	GlobalSection(SolutionConfigurationPlatforms) = preSolution
		Debug|Any CPU = Debug|Any CPU
		Release|Any CPU = Release|Any CPU
	EndGlobalSection
	GlobalSection(ProjectConfigurationPlatforms) = postSolution
		{4C4F3D61-308A-8407-2BE8-58CC4D59BC02}.Debug|Any CPU.ActiveCfg = Debug|Any CPU
		{4C4F3D61-308A-8407-2BE8-58CC4D59BC02}.Debug|Any CPU.Build.0 = Debug|Any CPU
		{4C4F3D61-308A-8407-2BE8-58CC4D59BC02}.Release|Any CPU.ActiveCfg = Release|Any CPU
		{4C4F3D61-308A-8407-2BE8-58CC4D59BC02}.Release|Any CPU.Build.0 = Release|Any CPU
		{42735B69-F478-978E-3E8E-FD374AB75EA3}.Debug|Any CPU.ActiveCfg = Debug|Any CPU
		{42735B69-F478-978E-3E8E-FD374AB75EA3}.Debug|Any CPU.Build.0 = Debug|Any CPU
		{42735B69-F478-978E-3E8E-FD374AB75EA3}.Release|Any CPU.ActiveCfg = Release|Any CPU
		{42735B69-F478-978E-3E8E-FD374AB75EA3}.Release|Any CPU.Build.0 = Release|Any CPU
	EndGlobalSection
	GlobalSection(SolutionProperties) = preSolution
		HideSolutionNode = FALSE
	EndGlobalSection
	GlobalSection(MonoDevelopProperties) = preSolution
		StartupItem = Assembly-CSharp.csproj
		Policies = $0
		$0.TextStylePolicy = $1
		$1.inheritsSet = null
		$1.scope = text/x-csharp
		$0.CSharpFormattingPolicy = $2
		$2.inheritsSet = Mono
		$2.inheritsScope = text/x-csharp
		$2.scope = text/x-csharp
		$0.TextStylePolicy = $3
		$3.FileWidth = 120
		$3.TabWidth = 4
		$3.EolMarker = Unix
		$3.inheritsSet = Mono
		$3.inheritsScope = text/plain
		$3.scope = text/plain
	EndGlobalSection
EndGlobal
