Microsoft Visual Studio Solution File, Format Version 11.00
# Visual Studio 2008

Project("{4169F493-9577-B5B7-05DC-95583FA32CBB}") = "BLooDBuRNiNG Project 12 Novembre menu stat", "Assembly-CSharp.csproj", "{101B5EFE-B08D-3DE2-7C5A-BAFD474EEA05}"
EndProject
Global
	GlobalSection(SolutionConfigurationPlatforms) = preSolution
		Debug|Any CPU = Debug|Any CPU
		Release|Any CPU = Release|Any CPU
	EndGlobalSection
	GlobalSection(ProjectConfigurationPlatforms) = postSolution
		{101B5EFE-B08D-3DE2-7C5A-BAFD474EEA05}.Debug|Any CPU.ActiveCfg = Debug|Any CPU
		{101B5EFE-B08D-3DE2-7C5A-BAFD474EEA05}.Debug|Any CPU.Build.0 = Debug|Any CPU
		{101B5EFE-B08D-3DE2-7C5A-BAFD474EEA05}.Release|Any CPU.ActiveCfg = Release|Any CPU
		{101B5EFE-B08D-3DE2-7C5A-BAFD474EEA05}.Release|Any CPU.Build.0 = Release|Any CPU
	EndGlobalSection
	GlobalSection(SolutionProperties) = preSolution
		HideSolutionNode = FALSE
	EndGlobalSection
	GlobalSection(MonoDevelopProperties) = preSolution
		StartupItem = Assembly-CSharp.csproj
	EndGlobalSection
EndGlobal
