Microsoft Visual Studio Solution File, Format Version 11.00
# Visual Studio 2008

Project("{5E108DEA-B707-FCA4-1137-4DCE4A411CA7}") = "BLooDBuRNiNG Project 12 juin", "Assembly-CSharp.csproj", "{6C0F7CC0-6D5A-90DC-4A8B-E8421A5B35DB}"
EndProject
Project("{5E108DEA-B707-FCA4-1137-4DCE4A411CA7}") = "BLooDBuRNiNG Project 12 juin", "Assembly-UnityScript.unityproj", "{16FEF695-399B-B1E4-94CC-11A4665ED745}"
EndProject
Global
	GlobalSection(SolutionConfigurationPlatforms) = preSolution
		Debug|Any CPU = Debug|Any CPU
		Release|Any CPU = Release|Any CPU
	EndGlobalSection
	GlobalSection(ProjectConfigurationPlatforms) = postSolution
		{6C0F7CC0-6D5A-90DC-4A8B-E8421A5B35DB}.Debug|Any CPU.ActiveCfg = Debug|Any CPU
		{6C0F7CC0-6D5A-90DC-4A8B-E8421A5B35DB}.Debug|Any CPU.Build.0 = Debug|Any CPU
		{6C0F7CC0-6D5A-90DC-4A8B-E8421A5B35DB}.Release|Any CPU.ActiveCfg = Release|Any CPU
		{6C0F7CC0-6D5A-90DC-4A8B-E8421A5B35DB}.Release|Any CPU.Build.0 = Release|Any CPU
		{16FEF695-399B-B1E4-94CC-11A4665ED745}.Debug|Any CPU.ActiveCfg = Debug|Any CPU
		{16FEF695-399B-B1E4-94CC-11A4665ED745}.Debug|Any CPU.Build.0 = Debug|Any CPU
		{16FEF695-399B-B1E4-94CC-11A4665ED745}.Release|Any CPU.ActiveCfg = Release|Any CPU
		{16FEF695-399B-B1E4-94CC-11A4665ED745}.Release|Any CPU.Build.0 = Release|Any CPU
	EndGlobalSection
	GlobalSection(SolutionProperties) = preSolution
		HideSolutionNode = FALSE
	EndGlobalSection
				GlobalSection(MonoDevelopProperties) = preSolution
		StartupItem = Assembly-CSharp.csproj
		Policies = $0
		$0.TextStylePolicy = $1
		$1.inheritsSet = null
		$1.scope = text/x-csharp
		$0.CSharpFormattingPolicy = $2
		$2.inheritsSet = Mono
		$2.inheritsScope = text/x-csharp
		$2.scope = text/x-csharp
		$0.TextStylePolicy = $3
		$3.FileWidth = 120
		$3.TabWidth = 4
		$3.EolMarker = Unix
		$3.inheritsSet = Mono
		$3.inheritsScope = text/plain
		$3.scope = text/plain
	EndGlobalSection

EndGlobal
