Microsoft Visual Studio Solution File, Format Version 11.00
# Visual Studio 2008

Project("{4D828B2C-44A3-F874-6490-0E6EA2B95304}") = "BLooDBuRNiNG Project 24 Juin 2", "Assembly-CSharp.csproj", "{8AB39961-14A2-EE31-DECD-BD01CE15F870}"
EndProject
Project("{4D828B2C-44A3-F874-6490-0E6EA2B95304}") = "BLooDBuRNiNG Project 24 Juin 2", "Assembly-UnityScript.unityproj", "{55D967A4-E44C-976A-3D0B-83F8DCAE0FA2}"
EndProject
Global
	GlobalSection(SolutionConfigurationPlatforms) = preSolution
		Debug|Any CPU = Debug|Any CPU
		Release|Any CPU = Release|Any CPU
	EndGlobalSection
	GlobalSection(ProjectConfigurationPlatforms) = postSolution
		{8AB39961-14A2-EE31-DECD-BD01CE15F870}.Debug|Any CPU.ActiveCfg = Debug|Any CPU
		{8AB39961-14A2-EE31-DECD-BD01CE15F870}.Debug|Any CPU.Build.0 = Debug|Any CPU
		{8AB39961-14A2-EE31-DECD-BD01CE15F870}.Release|Any CPU.ActiveCfg = Release|Any CPU
		{8AB39961-14A2-EE31-DECD-BD01CE15F870}.Release|Any CPU.Build.0 = Release|Any CPU
		{55D967A4-E44C-976A-3D0B-83F8DCAE0FA2}.Debug|Any CPU.ActiveCfg = Debug|Any CPU
		{55D967A4-E44C-976A-3D0B-83F8DCAE0FA2}.Debug|Any CPU.Build.0 = Debug|Any CPU
		{55D967A4-E44C-976A-3D0B-83F8DCAE0FA2}.Release|Any CPU.ActiveCfg = Release|Any CPU
		{55D967A4-E44C-976A-3D0B-83F8DCAE0FA2}.Release|Any CPU.Build.0 = Release|Any CPU
	EndGlobalSection
	GlobalSection(SolutionProperties) = preSolution
		HideSolutionNode = FALSE
	EndGlobalSection
			GlobalSection(MonoDevelopProperties) = preSolution
		StartupItem = Assembly-CSharp.csproj
		Policies = $0
		$0.TextStylePolicy = $1
		$1.inheritsSet = null
		$1.scope = text/x-csharp
		$0.CSharpFormattingPolicy = $2
		$2.inheritsSet = Mono
		$2.inheritsScope = text/x-csharp
		$2.scope = text/x-csharp
		$0.TextStylePolicy = $3
		$3.FileWidth = 120
		$3.TabWidth = 4
		$3.EolMarker = Unix
		$3.inheritsSet = Mono
		$3.inheritsScope = text/plain
		$3.scope = text/plain
	EndGlobalSection

EndGlobal
