Microsoft Visual Studio Solution File, Format Version 11.00
# Visual Studio 2008

Project("{859B44FE-4A0B-C522-D9A7-892B2F5FB488}") = "BLooDBuRNiNG Project 30 Juin 2", "Assembly-CSharp-vs.csproj", "{81AD2DE4-90E9-2751-A3A1-AAD5FDB06C26}"
EndProject
Global
	GlobalSection(SolutionConfigurationPlatforms) = preSolution
		Debug|Any CPU = Debug|Any CPU
		Release|Any CPU = Release|Any CPU
	EndGlobalSection
	GlobalSection(ProjectConfigurationPlatforms) = postSolution
		{81AD2DE4-90E9-2751-A3A1-AAD5FDB06C26}.Debug|Any CPU.ActiveCfg = Debug|Any CPU
		{81AD2DE4-90E9-2751-A3A1-AAD5FDB06C26}.Debug|Any CPU.Build.0 = Debug|Any CPU
		{81AD2DE4-90E9-2751-A3A1-AAD5FDB06C26}.Release|Any CPU.ActiveCfg = Release|Any CPU
		{81AD2DE4-90E9-2751-A3A1-AAD5FDB06C26}.Release|Any CPU.Build.0 = Release|Any CPU
	EndGlobalSection
	GlobalSection(SolutionProperties) = preSolution
		HideSolutionNode = FALSE
	EndGlobalSection
		GlobalSection(MonoDevelopProperties) = preSolution
		StartupItem = Assembly-CSharp.csproj
		Policies = $0
		$0.TextStylePolicy = $1
		$1.inheritsSet = null
		$1.scope = text/x-csharp
		$0.CSharpFormattingPolicy = $2
		$2.inheritsSet = Mono
		$2.inheritsScope = text/x-csharp
		$2.scope = text/x-csharp
		$0.TextStylePolicy = $3
		$3.FileWidth = 120
		$3.TabWidth = 4
		$3.EolMarker = Unix
		$3.inheritsSet = Mono
		$3.inheritsScope = text/plain
		$3.scope = text/plain
	EndGlobalSection

EndGlobal
