
Microsoft Visual Studio Solution File, Format Version 12.00
# Visual Studio 2015
Project("{FAE04EC0-301F-11D3-BF4B-00C04F79EFBC}") = "Blood Of Evil.Plugins", "Blood Of Evil.Plugins.csproj", "{ECC04074-43E6-6AD6-1370-C48061D3015D}"
EndProject
Project("{FAE04EC0-301F-11D3-BF4B-00C04F79EFBC}") = "Blood Of Evil", "Blood Of Evil.csproj", "{CD983C0B-5788-3AB6-6AA4-631A54893969}"
EndProject
Project("{FAE04EC0-301F-11D3-BF4B-00C04F79EFBC}") = "Blood Of Evil.Editor.Plugins", "Blood Of Evil.Editor.Plugins.csproj", "{396D19B6-DDE6-2E79-0926-998E2D3050C1}"
EndProject
Project("{FAE04EC0-301F-11D3-BF4B-00C04F79EFBC}") = "Blood Of Evil.Editor", "Blood Of Evil.Editor.csproj", "{CF69C368-A4B8-B0D2-B669-078195E0211E}"
EndProject
Global
	GlobalSection(SolutionConfigurationPlatforms) = preSolution
		Debug|Any CPU = Debug|Any CPU
		Release|Any CPU = Release|Any CPU
	EndGlobalSection
	GlobalSection(ProjectConfigurationPlatforms) = postSolution
		{ECC04074-43E6-6AD6-1370-C48061D3015D}.Debug|Any CPU.ActiveCfg = Debug|Any CPU
		{ECC04074-43E6-6AD6-1370-C48061D3015D}.Debug|Any CPU.Build.0 = Debug|Any CPU
		{ECC04074-43E6-6AD6-1370-C48061D3015D}.Release|Any CPU.ActiveCfg = Release|Any CPU
		{ECC04074-43E6-6AD6-1370-C48061D3015D}.Release|Any CPU.Build.0 = Release|Any CPU
		{CD983C0B-5788-3AB6-6AA4-631A54893969}.Debug|Any CPU.ActiveCfg = Debug|Any CPU
		{CD983C0B-5788-3AB6-6AA4-631A54893969}.Debug|Any CPU.Build.0 = Debug|Any CPU
		{CD983C0B-5788-3AB6-6AA4-631A54893969}.Release|Any CPU.ActiveCfg = Release|Any CPU
		{CD983C0B-5788-3AB6-6AA4-631A54893969}.Release|Any CPU.Build.0 = Release|Any CPU
		{396D19B6-DDE6-2E79-0926-998E2D3050C1}.Debug|Any CPU.ActiveCfg = Debug|Any CPU
		{396D19B6-DDE6-2E79-0926-998E2D3050C1}.Debug|Any CPU.Build.0 = Debug|Any CPU
		{396D19B6-DDE6-2E79-0926-998E2D3050C1}.Release|Any CPU.ActiveCfg = Release|Any CPU
		{396D19B6-DDE6-2E79-0926-998E2D3050C1}.Release|Any CPU.Build.0 = Release|Any CPU
		{CF69C368-A4B8-B0D2-B669-078195E0211E}.Debug|Any CPU.ActiveCfg = Debug|Any CPU
		{CF69C368-A4B8-B0D2-B669-078195E0211E}.Debug|Any CPU.Build.0 = Debug|Any CPU
		{CF69C368-A4B8-B0D2-B669-078195E0211E}.Release|Any CPU.ActiveCfg = Release|Any CPU
		{CF69C368-A4B8-B0D2-B669-078195E0211E}.Release|Any CPU.Build.0 = Release|Any CPU
	EndGlobalSection
	GlobalSection(SolutionProperties) = preSolution
		HideSolutionNode = FALSE
	EndGlobalSection
EndGlobal
